
Microsoft Visual Studio Solution File, Format Version 12.00
# Visual Studio 14
VisualStudioVersion = 14.0.24720.0
MinimumVisualStudioVersion = 10.0.40219.1
Project("{FAE04EC0-301F-11D3-BF4B-00C04F79EFBC}") = "Maestro.Web", "Maestro.Web\Maestro.Web.csproj", "{EB066F7F-11C9-4B76-B942-A317191F7355}"
EndProject
Project("{2150E333-8FDC-42A3-9474-1A3956D46DE8}") = "Presentation", "Presentation", "{746CF24D-7DB4-41F5-934C-F7817FC91F22}"
EndProject
Project("{2150E333-8FDC-42A3-9474-1A3956D46DE8}") = "Core", "Core", "{EE78B9D8-5D25-4BDC-85C1-7B848753F33E}"
EndProject
Project("{FAE04EC0-301F-11D3-BF4B-00C04F79EFBC}") = "Maestro.Domain", "Maestro.Domain\Maestro.Domain.csproj", "{0AF8A9FC-4EED-4E9A-8071-DBB260F81B82}"
EndProject
Project("{FAE04EC0-301F-11D3-BF4B-00C04F79EFBC}") = "Maestro.Common", "Maestro.Common\Maestro.Common.csproj", "{4C8F910A-D6B3-4B7E-8D64-6108691B8F7F}"
EndProject
Project("{FAE04EC0-301F-11D3-BF4B-00C04F79EFBC}") = "Maestro.DataAccess.Api", "Maestro.DataAccess\Maestro.DataAccess.Api.csproj", "{12C6A51D-C7A2-449B-AB9F-D387FB66602E}"
EndProject
Project("{FAE04EC0-301F-11D3-BF4B-00C04F79EFBC}") = "Maestro.DataAccess.EF", "Maestro.DataAccess.EF\Maestro.DataAccess.EF.csproj", "{FB3B5BCA-B3F2-4C31-B5B2-10A9050ABA61}"
EndProject
Project("{2150E333-8FDC-42A3-9474-1A3956D46DE8}") = "Infrastructure", "Infrastructure", "{815D560A-88E3-44FA-8B73-E64D416ECCA5}"
EndProject
Project("{FAE04EC0-301F-11D3-BF4B-00C04F79EFBC}") = "Maestro.DomainLogic", "Maestro.DomainLogic\Maestro.DomainLogic.csproj", "{4FBD8804-2F4A-423A-93F9-94802C749925}"
EndProject
Project("{FAE04EC0-301F-11D3-BF4B-00C04F79EFBC}") = "Maestro.Reporting", "Maestro.Reporting\Maestro.Reporting.csproj", "{7969F06A-8EDF-4610-B283-F829934538BD}"
EndProject
Project("{FAE04EC0-301F-11D3-BF4B-00C04F79EFBC}") = "Maestro.DataAccess.Redis", "Maestro.DataAccess.Redis\Maestro.DataAccess.Redis.csproj", "{6330F7AB-5410-40FE-8F82-74900D667FFB}"
EndProject
Global
	GlobalSection(SolutionConfigurationPlatforms) = preSolution
		Debug|Any CPU = Debug|Any CPU
		Release|Any CPU = Release|Any CPU
		VA|Any CPU = VA|Any CPU
	EndGlobalSection
	GlobalSection(ProjectConfigurationPlatforms) = postSolution
		{EB066F7F-11C9-4B76-B942-A317191F7355}.Debug|Any CPU.ActiveCfg = Debug|Any CPU
		{EB066F7F-11C9-4B76-B942-A317191F7355}.Debug|Any CPU.Build.0 = Debug|Any CPU
		{EB066F7F-11C9-4B76-B942-A317191F7355}.Release|Any CPU.ActiveCfg = Release|Any CPU
		{EB066F7F-11C9-4B76-B942-A317191F7355}.Release|Any CPU.Build.0 = Release|Any CPU
		{EB066F7F-11C9-4B76-B942-A317191F7355}.VA|Any CPU.ActiveCfg = Release|Any CPU
		{EB066F7F-11C9-4B76-B942-A317191F7355}.VA|Any CPU.Build.0 = Release|Any CPU
		{0AF8A9FC-4EED-4E9A-8071-DBB260F81B82}.Debug|Any CPU.ActiveCfg = Debug|Any CPU
		{0AF8A9FC-4EED-4E9A-8071-DBB260F81B82}.Debug|Any CPU.Build.0 = Debug|Any CPU
		{0AF8A9FC-4EED-4E9A-8071-DBB260F81B82}.Release|Any CPU.ActiveCfg = Release|Any CPU
		{0AF8A9FC-4EED-4E9A-8071-DBB260F81B82}.Release|Any CPU.Build.0 = Release|Any CPU
		{0AF8A9FC-4EED-4E9A-8071-DBB260F81B82}.VA|Any CPU.ActiveCfg = VA|Any CPU
		{0AF8A9FC-4EED-4E9A-8071-DBB260F81B82}.VA|Any CPU.Build.0 = VA|Any CPU
		{4C8F910A-D6B3-4B7E-8D64-6108691B8F7F}.Debug|Any CPU.ActiveCfg = Debug|Any CPU
		{4C8F910A-D6B3-4B7E-8D64-6108691B8F7F}.Debug|Any CPU.Build.0 = Debug|Any CPU
		{4C8F910A-D6B3-4B7E-8D64-6108691B8F7F}.Release|Any CPU.ActiveCfg = Release|Any CPU
		{4C8F910A-D6B3-4B7E-8D64-6108691B8F7F}.Release|Any CPU.Build.0 = Release|Any CPU
		{4C8F910A-D6B3-4B7E-8D64-6108691B8F7F}.VA|Any CPU.ActiveCfg = VA|Any CPU
		{4C8F910A-D6B3-4B7E-8D64-6108691B8F7F}.VA|Any CPU.Build.0 = VA|Any CPU
		{12C6A51D-C7A2-449B-AB9F-D387FB66602E}.Debug|Any CPU.ActiveCfg = Debug|Any CPU
		{12C6A51D-C7A2-449B-AB9F-D387FB66602E}.Debug|Any CPU.Build.0 = Debug|Any CPU
		{12C6A51D-C7A2-449B-AB9F-D387FB66602E}.Release|Any CPU.ActiveCfg = Release|Any CPU
		{12C6A51D-C7A2-449B-AB9F-D387FB66602E}.Release|Any CPU.Build.0 = Release|Any CPU
		{12C6A51D-C7A2-449B-AB9F-D387FB66602E}.VA|Any CPU.ActiveCfg = VA|Any CPU
		{12C6A51D-C7A2-449B-AB9F-D387FB66602E}.VA|Any CPU.Build.0 = VA|Any CPU
		{FB3B5BCA-B3F2-4C31-B5B2-10A9050ABA61}.Debug|Any CPU.ActiveCfg = Debug|Any CPU
		{FB3B5BCA-B3F2-4C31-B5B2-10A9050ABA61}.Debug|Any CPU.Build.0 = Debug|Any CPU
		{FB3B5BCA-B3F2-4C31-B5B2-10A9050ABA61}.Release|Any CPU.ActiveCfg = Release|Any CPU
		{FB3B5BCA-B3F2-4C31-B5B2-10A9050ABA61}.Release|Any CPU.Build.0 = Release|Any CPU
		{FB3B5BCA-B3F2-4C31-B5B2-10A9050ABA61}.VA|Any CPU.ActiveCfg = VA|Any CPU
		{FB3B5BCA-B3F2-4C31-B5B2-10A9050ABA61}.VA|Any CPU.Build.0 = VA|Any CPU
		{4FBD8804-2F4A-423A-93F9-94802C749925}.Debug|Any CPU.ActiveCfg = Debug|Any CPU
		{4FBD8804-2F4A-423A-93F9-94802C749925}.Debug|Any CPU.Build.0 = Debug|Any CPU
		{4FBD8804-2F4A-423A-93F9-94802C749925}.Release|Any CPU.ActiveCfg = Release|Any CPU
		{4FBD8804-2F4A-423A-93F9-94802C749925}.Release|Any CPU.Build.0 = Release|Any CPU
		{4FBD8804-2F4A-423A-93F9-94802C749925}.VA|Any CPU.ActiveCfg = VA|Any CPU
		{4FBD8804-2F4A-423A-93F9-94802C749925}.VA|Any CPU.Build.0 = VA|Any CPU
		{7969F06A-8EDF-4610-B283-F829934538BD}.Debug|Any CPU.ActiveCfg = Debug|Any CPU
		{7969F06A-8EDF-4610-B283-F829934538BD}.Debug|Any CPU.Build.0 = Debug|Any CPU
		{7969F06A-8EDF-4610-B283-F829934538BD}.Release|Any CPU.ActiveCfg = Release|Any CPU
		{7969F06A-8EDF-4610-B283-F829934538BD}.Release|Any CPU.Build.0 = Release|Any CPU
		{7969F06A-8EDF-4610-B283-F829934538BD}.VA|Any CPU.ActiveCfg = Release|Any CPU
		{7969F06A-8EDF-4610-B283-F829934538BD}.VA|Any CPU.Build.0 = Release|Any CPU
		{6330F7AB-5410-40FE-8F82-74900D667FFB}.Debug|Any CPU.ActiveCfg = Debug|Any CPU
		{6330F7AB-5410-40FE-8F82-74900D667FFB}.Debug|Any CPU.Build.0 = Debug|Any CPU
		{6330F7AB-5410-40FE-8F82-74900D667FFB}.Release|Any CPU.ActiveCfg = Release|Any CPU
		{6330F7AB-5410-40FE-8F82-74900D667FFB}.Release|Any CPU.Build.0 = Release|Any CPU
		{6330F7AB-5410-40FE-8F82-74900D667FFB}.VA|Any CPU.ActiveCfg = Release|Any CPU
		{6330F7AB-5410-40FE-8F82-74900D667FFB}.VA|Any CPU.Build.0 = Release|Any CPU
	EndGlobalSection
	GlobalSection(SolutionProperties) = preSolution
		HideSolutionNode = FALSE
	EndGlobalSection
	GlobalSection(NestedProjects) = preSolution
		{EB066F7F-11C9-4B76-B942-A317191F7355} = {746CF24D-7DB4-41F5-934C-F7817FC91F22}
		{0AF8A9FC-4EED-4E9A-8071-DBB260F81B82} = {EE78B9D8-5D25-4BDC-85C1-7B848753F33E}
		{4C8F910A-D6B3-4B7E-8D64-6108691B8F7F} = {EE78B9D8-5D25-4BDC-85C1-7B848753F33E}
		{12C6A51D-C7A2-449B-AB9F-D387FB66602E} = {815D560A-88E3-44FA-8B73-E64D416ECCA5}
		{FB3B5BCA-B3F2-4C31-B5B2-10A9050ABA61} = {815D560A-88E3-44FA-8B73-E64D416ECCA5}
		{4FBD8804-2F4A-423A-93F9-94802C749925} = {EE78B9D8-5D25-4BDC-85C1-7B848753F33E}
		{7969F06A-8EDF-4610-B283-F829934538BD} = {815D560A-88E3-44FA-8B73-E64D416ECCA5}
		{6330F7AB-5410-40FE-8F82-74900D667FFB} = {815D560A-88E3-44FA-8B73-E64D416ECCA5}
	EndGlobalSection
EndGlobal
