
Microsoft Visual Studio Solution File, Format Version 12.00
# Visual Studio 14
VisualStudioVersion = 14.0.24720.0
MinimumVisualStudioVersion = 10.0.40219.1
Project("{2150E333-8FDC-42A3-9474-1A3956D46DE8}") = "Core", "Core", "{81801EF0-9ADB-4BF4-A3EF-0E64A720DA8F}"
EndProject
Project("{2150E333-8FDC-42A3-9474-1A3956D46DE8}") = "Infrastructure", "Infrastructure", "{422BC1A8-B9B4-45F9-9151-C3B52A230D7C}"
EndProject
Project("{2150E333-8FDC-42A3-9474-1A3956D46DE8}") = "Services", "Services", "{C7D4E253-AF85-4A25-9290-0FA432583CDE}"
EndProject
Project("{FAE04EC0-301F-11D3-BF4B-00C04F79EFBC}") = "DeviceService.Web.Api", "DeviceService.Web.Api\DeviceService.Web.Api.csproj", "{C784F6DE-A016-4B69-9DB9-3B246ABBDB09}"
EndProject
Project("{FAE04EC0-301F-11D3-BF4B-00C04F79EFBC}") = "DeviceService.DataAccess", "DeviceService.DataAccess\DeviceService.DataAccess.csproj", "{DDFD72E9-C050-4A6D-A9C5-707A06B3C97B}"
EndProject
Project("{FAE04EC0-301F-11D3-BF4B-00C04F79EFBC}") = "DeviceService.Domain", "DeviceService.Domain\DeviceService.Domain.csproj", "{B6C4FEB6-0B45-4A26-AED7-BAB1CD58B4B7}"
EndProject
Project("{FAE04EC0-301F-11D3-BF4B-00C04F79EFBC}") = "DeviceService.DomainLogic", "DeviceService.DomainLogic\DeviceService.DomainLogic.csproj", "{53DBF9C3-B4B3-4D7C-8721-6D15CA4298B0}"
EndProject
Project("{FAE04EC0-301F-11D3-BF4B-00C04F79EFBC}") = "DeviceService.ApiAccess", "DeviceService.ApiAccess\DeviceService.ApiAccess.csproj", "{64936892-FE74-48D8-A288-A5C154002EC6}"
EndProject
Project("{FAE04EC0-301F-11D3-BF4B-00C04F79EFBC}") = "DeviceService.Common", "DeviceService.Common\DeviceService.Common.csproj", "{E9B3E2A3-6C21-4038-8D17-8F600BF74739}"
EndProject
Project("{2150E333-8FDC-42A3-9474-1A3956D46DE8}") = "Tests", "Tests", "{8D1254FF-DD36-4EF0-A6EA-3DC88B6DD9CE}"
EndProject
Project("{FAE04EC0-301F-11D3-BF4B-00C04F79EFBC}") = "DeviceService.DomainLogic.Tests", "DeviceService.DomainLogic.Tests\DeviceService.DomainLogic.Tests.csproj", "{57B901E2-97F4-4F53-B58A-CFAAE1151A7A}"
EndProject
Project("{FAE04EC0-301F-11D3-BF4B-00C04F79EFBC}") = "DeviceService.Web.Api.Tests", "DeviceService.Web.Api.Tests\DeviceService.Web.Api.Tests.csproj", "{6B3991D3-397F-40DC-8061-3CC76C619D86}"
EndProject
Global
	GlobalSection(SolutionConfigurationPlatforms) = preSolution
		Debug|Any CPU = Debug|Any CPU
		Release|Any CPU = Release|Any CPU
		VA|Any CPU = VA|Any CPU
	EndGlobalSection
	GlobalSection(ProjectConfigurationPlatforms) = postSolution
		{C784F6DE-A016-4B69-9DB9-3B246ABBDB09}.Debug|Any CPU.ActiveCfg = Debug|Any CPU
		{C784F6DE-A016-4B69-9DB9-3B246ABBDB09}.Debug|Any CPU.Build.0 = Debug|Any CPU
		{C784F6DE-A016-4B69-9DB9-3B246ABBDB09}.Release|Any CPU.ActiveCfg = Release|Any CPU
		{C784F6DE-A016-4B69-9DB9-3B246ABBDB09}.Release|Any CPU.Build.0 = Release|Any CPU
		{C784F6DE-A016-4B69-9DB9-3B246ABBDB09}.VA|Any CPU.ActiveCfg = VA|Any CPU
		{C784F6DE-A016-4B69-9DB9-3B246ABBDB09}.VA|Any CPU.Build.0 = VA|Any CPU
		{DDFD72E9-C050-4A6D-A9C5-707A06B3C97B}.Debug|Any CPU.ActiveCfg = Debug|Any CPU
		{DDFD72E9-C050-4A6D-A9C5-707A06B3C97B}.Debug|Any CPU.Build.0 = Debug|Any CPU
		{DDFD72E9-C050-4A6D-A9C5-707A06B3C97B}.Release|Any CPU.ActiveCfg = Release|Any CPU
		{DDFD72E9-C050-4A6D-A9C5-707A06B3C97B}.Release|Any CPU.Build.0 = Release|Any CPU
		{DDFD72E9-C050-4A6D-A9C5-707A06B3C97B}.VA|Any CPU.ActiveCfg = VA|Any CPU
		{DDFD72E9-C050-4A6D-A9C5-707A06B3C97B}.VA|Any CPU.Build.0 = VA|Any CPU
		{B6C4FEB6-0B45-4A26-AED7-BAB1CD58B4B7}.Debug|Any CPU.ActiveCfg = Debug|Any CPU
		{B6C4FEB6-0B45-4A26-AED7-BAB1CD58B4B7}.Debug|Any CPU.Build.0 = Debug|Any CPU
		{B6C4FEB6-0B45-4A26-AED7-BAB1CD58B4B7}.Release|Any CPU.ActiveCfg = Release|Any CPU
		{B6C4FEB6-0B45-4A26-AED7-BAB1CD58B4B7}.Release|Any CPU.Build.0 = Release|Any CPU
		{B6C4FEB6-0B45-4A26-AED7-BAB1CD58B4B7}.VA|Any CPU.ActiveCfg = VA|Any CPU
		{B6C4FEB6-0B45-4A26-AED7-BAB1CD58B4B7}.VA|Any CPU.Build.0 = VA|Any CPU
		{53DBF9C3-B4B3-4D7C-8721-6D15CA4298B0}.Debug|Any CPU.ActiveCfg = Debug|Any CPU
		{53DBF9C3-B4B3-4D7C-8721-6D15CA4298B0}.Debug|Any CPU.Build.0 = Debug|Any CPU
		{53DBF9C3-B4B3-4D7C-8721-6D15CA4298B0}.Release|Any CPU.ActiveCfg = Release|Any CPU
		{53DBF9C3-B4B3-4D7C-8721-6D15CA4298B0}.Release|Any CPU.Build.0 = Release|Any CPU
		{53DBF9C3-B4B3-4D7C-8721-6D15CA4298B0}.VA|Any CPU.ActiveCfg = VA|Any CPU
		{53DBF9C3-B4B3-4D7C-8721-6D15CA4298B0}.VA|Any CPU.Build.0 = VA|Any CPU
		{64936892-FE74-48D8-A288-A5C154002EC6}.Debug|Any CPU.ActiveCfg = Debug|Any CPU
		{64936892-FE74-48D8-A288-A5C154002EC6}.Debug|Any CPU.Build.0 = Debug|Any CPU
		{64936892-FE74-48D8-A288-A5C154002EC6}.Release|Any CPU.ActiveCfg = Release|Any CPU
		{64936892-FE74-48D8-A288-A5C154002EC6}.Release|Any CPU.Build.0 = Release|Any CPU
		{64936892-FE74-48D8-A288-A5C154002EC6}.VA|Any CPU.ActiveCfg = VA|Any CPU
		{64936892-FE74-48D8-A288-A5C154002EC6}.VA|Any CPU.Build.0 = VA|Any CPU
		{E9B3E2A3-6C21-4038-8D17-8F600BF74739}.Debug|Any CPU.ActiveCfg = Debug|Any CPU
		{E9B3E2A3-6C21-4038-8D17-8F600BF74739}.Debug|Any CPU.Build.0 = Debug|Any CPU
		{E9B3E2A3-6C21-4038-8D17-8F600BF74739}.Release|Any CPU.ActiveCfg = Release|Any CPU
		{E9B3E2A3-6C21-4038-8D17-8F600BF74739}.Release|Any CPU.Build.0 = Release|Any CPU
		{E9B3E2A3-6C21-4038-8D17-8F600BF74739}.VA|Any CPU.ActiveCfg = VA|Any CPU
		{E9B3E2A3-6C21-4038-8D17-8F600BF74739}.VA|Any CPU.Build.0 = VA|Any CPU
		{57B901E2-97F4-4F53-B58A-CFAAE1151A7A}.Debug|Any CPU.ActiveCfg = Debug|Any CPU
		{57B901E2-97F4-4F53-B58A-CFAAE1151A7A}.Debug|Any CPU.Build.0 = Debug|Any CPU
		{57B901E2-97F4-4F53-B58A-CFAAE1151A7A}.Release|Any CPU.ActiveCfg = Release|Any CPU
		{57B901E2-97F4-4F53-B58A-CFAAE1151A7A}.Release|Any CPU.Build.0 = Release|Any CPU
		{57B901E2-97F4-4F53-B58A-CFAAE1151A7A}.VA|Any CPU.ActiveCfg = Release|Any CPU
		{57B901E2-97F4-4F53-B58A-CFAAE1151A7A}.VA|Any CPU.Build.0 = Release|Any CPU
		{6B3991D3-397F-40DC-8061-3CC76C619D86}.Debug|Any CPU.ActiveCfg = Debug|Any CPU
		{6B3991D3-397F-40DC-8061-3CC76C619D86}.Debug|Any CPU.Build.0 = Debug|Any CPU
		{6B3991D3-397F-40DC-8061-3CC76C619D86}.Release|Any CPU.ActiveCfg = Release|Any CPU
		{6B3991D3-397F-40DC-8061-3CC76C619D86}.Release|Any CPU.Build.0 = Release|Any CPU
		{6B3991D3-397F-40DC-8061-3CC76C619D86}.VA|Any CPU.ActiveCfg = Release|Any CPU
		{6B3991D3-397F-40DC-8061-3CC76C619D86}.VA|Any CPU.Build.0 = Release|Any CPU
	EndGlobalSection
	GlobalSection(SolutionProperties) = preSolution
		HideSolutionNode = FALSE
	EndGlobalSection
	GlobalSection(NestedProjects) = preSolution
		{C784F6DE-A016-4B69-9DB9-3B246ABBDB09} = {C7D4E253-AF85-4A25-9290-0FA432583CDE}
		{DDFD72E9-C050-4A6D-A9C5-707A06B3C97B} = {422BC1A8-B9B4-45F9-9151-C3B52A230D7C}
		{B6C4FEB6-0B45-4A26-AED7-BAB1CD58B4B7} = {81801EF0-9ADB-4BF4-A3EF-0E64A720DA8F}
		{53DBF9C3-B4B3-4D7C-8721-6D15CA4298B0} = {81801EF0-9ADB-4BF4-A3EF-0E64A720DA8F}
		{64936892-FE74-48D8-A288-A5C154002EC6} = {422BC1A8-B9B4-45F9-9151-C3B52A230D7C}
		{E9B3E2A3-6C21-4038-8D17-8F600BF74739} = {81801EF0-9ADB-4BF4-A3EF-0E64A720DA8F}
		{57B901E2-97F4-4F53-B58A-CFAAE1151A7A} = {8D1254FF-DD36-4EF0-A6EA-3DC88B6DD9CE}
		{6B3991D3-397F-40DC-8061-3CC76C619D86} = {8D1254FF-DD36-4EF0-A6EA-3DC88B6DD9CE}
	EndGlobalSection
EndGlobal
