
Microsoft Visual Studio Solution File, Format Version 12.00
# Visual Studio 14
VisualStudioVersion = 14.0.24720.0
MinimumVisualStudioVersion = 10.0.40219.1
Project("{FAE04EC0-301F-11D3-BF4B-00C04F79EFBC}") = "CustomerService.Web.Api", "CustomerService.Web.Api\CustomerService.Web.Api.csproj", "{835E05DE-EB93-4AEA-B338-10D65C7C0042}"
EndProject
Project("{FAE04EC0-301F-11D3-BF4B-00C04F79EFBC}") = "CustomerService.Common", "CustomerService.Core\CustomerService.Common.csproj", "{B94DD790-A101-4186-A9A8-CB8A0401EB8C}"
EndProject
Project("{FAE04EC0-301F-11D3-BF4B-00C04F79EFBC}") = "CustomerService.DataAccess", "CustomerService.DataAccess\CustomerService.DataAccess.csproj", "{DDFD72E9-C050-4A6D-A9C5-707A06B3C97B}"
EndProject
Project("{FAE04EC0-301F-11D3-BF4B-00C04F79EFBC}") = "CustomerService.Domain", "CustomerService.Domain\CustomerService.Domain.csproj", "{31099C0A-CD34-400D-81E0-A6A51A2384B3}"
EndProject
Project("{2150E333-8FDC-42A3-9474-1A3956D46DE8}") = "Core", "Core", "{4773CC47-6A2D-4FD8-8019-ED1A1A1C4295}"
EndProject
Project("{2150E333-8FDC-42A3-9474-1A3956D46DE8}") = "Services", "Services", "{32944229-E874-41ED-A4BA-EF223A9AB6AA}"
EndProject
Project("{2150E333-8FDC-42A3-9474-1A3956D46DE8}") = "Infrastracture", "Infrastracture", "{D8CFB2B5-96E9-4AB4-A313-AA7D00F421CC}"
EndProject
Project("{FAE04EC0-301F-11D3-BF4B-00C04F79EFBC}") = "CustomerService.ApiAccess", "CustomerService.ApiAccess\CustomerService.ApiAccess.csproj", "{64936892-FE74-48D8-A288-A5C154002EC6}"
EndProject
Project("{FAE04EC0-301F-11D3-BF4B-00C04F79EFBC}") = "CustomerService.DomainLogic", "CustomerService.DomainLogic\CustomerService.DomainLogic.csproj", "{BCD4CBAA-F86B-4DA9-92E4-5CC315906CB7}"
EndProject
Project("{2150E333-8FDC-42A3-9474-1A3956D46DE8}") = "Tests", "Tests", "{9CC3A485-4642-4922-B288-42B35CB3185F}"
EndProject
Project("{FAE04EC0-301F-11D3-BF4B-00C04F79EFBC}") = "CustomerService.DomainLogic.Tests", "CustomerService.DomainLogic.Tests\CustomerService.DomainLogic.Tests.csproj", "{B00C3338-A680-45FB-A0CA-09D6BC589F06}"
EndProject
Global
	GlobalSection(SolutionConfigurationPlatforms) = preSolution
		Debug|Any CPU = Debug|Any CPU
		Release|Any CPU = Release|Any CPU
		VA|Any CPU = VA|Any CPU
	EndGlobalSection
	GlobalSection(ProjectConfigurationPlatforms) = postSolution
		{835E05DE-EB93-4AEA-B338-10D65C7C0042}.Debug|Any CPU.ActiveCfg = Debug|Any CPU
		{835E05DE-EB93-4AEA-B338-10D65C7C0042}.Debug|Any CPU.Build.0 = Debug|Any CPU
		{835E05DE-EB93-4AEA-B338-10D65C7C0042}.Release|Any CPU.ActiveCfg = Release|Any CPU
		{835E05DE-EB93-4AEA-B338-10D65C7C0042}.Release|Any CPU.Build.0 = Release|Any CPU
		{835E05DE-EB93-4AEA-B338-10D65C7C0042}.VA|Any CPU.ActiveCfg = VA|Any CPU
		{835E05DE-EB93-4AEA-B338-10D65C7C0042}.VA|Any CPU.Build.0 = VA|Any CPU
		{B94DD790-A101-4186-A9A8-CB8A0401EB8C}.Debug|Any CPU.ActiveCfg = Debug|Any CPU
		{B94DD790-A101-4186-A9A8-CB8A0401EB8C}.Debug|Any CPU.Build.0 = Debug|Any CPU
		{B94DD790-A101-4186-A9A8-CB8A0401EB8C}.Release|Any CPU.ActiveCfg = Release|Any CPU
		{B94DD790-A101-4186-A9A8-CB8A0401EB8C}.Release|Any CPU.Build.0 = Release|Any CPU
		{B94DD790-A101-4186-A9A8-CB8A0401EB8C}.VA|Any CPU.ActiveCfg = VA|Any CPU
		{B94DD790-A101-4186-A9A8-CB8A0401EB8C}.VA|Any CPU.Build.0 = VA|Any CPU
		{DDFD72E9-C050-4A6D-A9C5-707A06B3C97B}.Debug|Any CPU.ActiveCfg = Debug|Any CPU
		{DDFD72E9-C050-4A6D-A9C5-707A06B3C97B}.Debug|Any CPU.Build.0 = Debug|Any CPU
		{DDFD72E9-C050-4A6D-A9C5-707A06B3C97B}.Release|Any CPU.ActiveCfg = Release|Any CPU
		{DDFD72E9-C050-4A6D-A9C5-707A06B3C97B}.Release|Any CPU.Build.0 = Release|Any CPU
		{DDFD72E9-C050-4A6D-A9C5-707A06B3C97B}.VA|Any CPU.ActiveCfg = VA|Any CPU
		{DDFD72E9-C050-4A6D-A9C5-707A06B3C97B}.VA|Any CPU.Build.0 = VA|Any CPU
		{31099C0A-CD34-400D-81E0-A6A51A2384B3}.Debug|Any CPU.ActiveCfg = Debug|Any CPU
		{31099C0A-CD34-400D-81E0-A6A51A2384B3}.Debug|Any CPU.Build.0 = Debug|Any CPU
		{31099C0A-CD34-400D-81E0-A6A51A2384B3}.Release|Any CPU.ActiveCfg = Release|Any CPU
		{31099C0A-CD34-400D-81E0-A6A51A2384B3}.Release|Any CPU.Build.0 = Release|Any CPU
		{31099C0A-CD34-400D-81E0-A6A51A2384B3}.VA|Any CPU.ActiveCfg = VA|Any CPU
		{31099C0A-CD34-400D-81E0-A6A51A2384B3}.VA|Any CPU.Build.0 = VA|Any CPU
		{64936892-FE74-48D8-A288-A5C154002EC6}.Debug|Any CPU.ActiveCfg = Debug|Any CPU
		{64936892-FE74-48D8-A288-A5C154002EC6}.Debug|Any CPU.Build.0 = Debug|Any CPU
		{64936892-FE74-48D8-A288-A5C154002EC6}.Release|Any CPU.ActiveCfg = Release|Any CPU
		{64936892-FE74-48D8-A288-A5C154002EC6}.Release|Any CPU.Build.0 = Release|Any CPU
		{64936892-FE74-48D8-A288-A5C154002EC6}.VA|Any CPU.ActiveCfg = VA|Any CPU
		{64936892-FE74-48D8-A288-A5C154002EC6}.VA|Any CPU.Build.0 = VA|Any CPU
		{BCD4CBAA-F86B-4DA9-92E4-5CC315906CB7}.Debug|Any CPU.ActiveCfg = Debug|Any CPU
		{BCD4CBAA-F86B-4DA9-92E4-5CC315906CB7}.Debug|Any CPU.Build.0 = Debug|Any CPU
		{BCD4CBAA-F86B-4DA9-92E4-5CC315906CB7}.Release|Any CPU.ActiveCfg = Release|Any CPU
		{BCD4CBAA-F86B-4DA9-92E4-5CC315906CB7}.Release|Any CPU.Build.0 = Release|Any CPU
		{BCD4CBAA-F86B-4DA9-92E4-5CC315906CB7}.VA|Any CPU.ActiveCfg = VA|Any CPU
		{BCD4CBAA-F86B-4DA9-92E4-5CC315906CB7}.VA|Any CPU.Build.0 = VA|Any CPU
		{B00C3338-A680-45FB-A0CA-09D6BC589F06}.Debug|Any CPU.ActiveCfg = Debug|Any CPU
		{B00C3338-A680-45FB-A0CA-09D6BC589F06}.Debug|Any CPU.Build.0 = Debug|Any CPU
		{B00C3338-A680-45FB-A0CA-09D6BC589F06}.Release|Any CPU.ActiveCfg = Release|Any CPU
		{B00C3338-A680-45FB-A0CA-09D6BC589F06}.Release|Any CPU.Build.0 = Release|Any CPU
		{B00C3338-A680-45FB-A0CA-09D6BC589F06}.VA|Any CPU.ActiveCfg = Release|Any CPU
		{B00C3338-A680-45FB-A0CA-09D6BC589F06}.VA|Any CPU.Build.0 = Release|Any CPU
	EndGlobalSection
	GlobalSection(SolutionProperties) = preSolution
		HideSolutionNode = FALSE
	EndGlobalSection
	GlobalSection(NestedProjects) = preSolution
		{835E05DE-EB93-4AEA-B338-10D65C7C0042} = {32944229-E874-41ED-A4BA-EF223A9AB6AA}
		{B94DD790-A101-4186-A9A8-CB8A0401EB8C} = {4773CC47-6A2D-4FD8-8019-ED1A1A1C4295}
		{DDFD72E9-C050-4A6D-A9C5-707A06B3C97B} = {D8CFB2B5-96E9-4AB4-A313-AA7D00F421CC}
		{31099C0A-CD34-400D-81E0-A6A51A2384B3} = {4773CC47-6A2D-4FD8-8019-ED1A1A1C4295}
		{64936892-FE74-48D8-A288-A5C154002EC6} = {D8CFB2B5-96E9-4AB4-A313-AA7D00F421CC}
		{BCD4CBAA-F86B-4DA9-92E4-5CC315906CB7} = {4773CC47-6A2D-4FD8-8019-ED1A1A1C4295}
		{B00C3338-A680-45FB-A0CA-09D6BC589F06} = {9CC3A485-4642-4922-B288-42B35CB3185F}
	EndGlobalSection
EndGlobal
