
Microsoft Visual Studio Solution File, Format Version 12.00
# Visual Studio 14
VisualStudioVersion = 14.0.23107.0
MinimumVisualStudioVersion = 10.0.40219.1
Project("{FAE04EC0-301F-11D3-BF4B-00C04F79EFBC}") = "HealthLibrary.Web.Api", "HealthLibrary.Web.Api\HealthLibrary.Web.Api.csproj", "{B3C4BB96-8918-486F-8895-9F44FD313E5C}"
EndProject
Project("{2150E333-8FDC-42A3-9474-1A3956D46DE8}") = "Infrastructure", "Infrastructure", "{E31F7307-F627-4FF0-8BBA-F59DF665711C}"
EndProject
Project("{2150E333-8FDC-42A3-9474-1A3956D46DE8}") = "Services", "Services", "{F500F62C-D214-495C-9075-5BFDD253C9B2}"
EndProject
Project("{FAE04EC0-301F-11D3-BF4B-00C04F79EFBC}") = "HealthLibrary.DataAccess", "HealthLibrary.DataAccess\HealthLibrary.DataAccess.csproj", "{C36D0720-3F05-445F-A9AB-F55EEA87729E}"
EndProject
Project("{FAE04EC0-301F-11D3-BF4B-00C04F79EFBC}") = "HealthLibrary.Common", "HealthLibrary.Common\HealthLibrary.Common.csproj", "{CD2E3CBD-5051-4A25-9D4C-05A8EC07CFE6}"
EndProject
Project("{2150E333-8FDC-42A3-9474-1A3956D46DE8}") = "Core", "Core", "{B73048B4-7715-4BBB-A4BA-042D84C93877}"
EndProject
Project("{FAE04EC0-301F-11D3-BF4B-00C04F79EFBC}") = "HealthLibrary.Domain", "HealthLibrary.Domain\HealthLibrary.Domain.csproj", "{E8D968F4-0F80-486B-A62B-1EC79160B9A5}"
EndProject
Project("{FAE04EC0-301F-11D3-BF4B-00C04F79EFBC}") = "HealthLibrary.DomainLogic", "HealthLibrary.DomainLogic\HealthLibrary.DomainLogic.csproj", "{2B4A6FE4-170C-410B-9D3A-DBE817BF0149}"
EndProject
Project("{FAE04EC0-301F-11D3-BF4B-00C04F79EFBC}") = "HealthLibrary.ApiAccess", "HealthLibrary.ApiAccess\HealthLibrary.ApiAccess.csproj", "{8AD4A01B-F99B-4A4E-BF35-8297CD469B59}"
EndProject
Project("{FAE04EC0-301F-11D3-BF4B-00C04F79EFBC}") = "HealthLibrary.ContentStorage.Azure", "HealthLibrary.ContentStorage.Azure\HealthLibrary.ContentStorage.Azure.csproj", "{AF82F7FB-BB5E-4AB0-87F5-7DB0C0B4DBE2}"
EndProject
Global
	GlobalSection(SolutionConfigurationPlatforms) = preSolution
		Debug|Any CPU = Debug|Any CPU
		Release|Any CPU = Release|Any CPU
		VA|Any CPU = VA|Any CPU
	EndGlobalSection
	GlobalSection(ProjectConfigurationPlatforms) = postSolution
		{B3C4BB96-8918-486F-8895-9F44FD313E5C}.Debug|Any CPU.ActiveCfg = Debug|Any CPU
		{B3C4BB96-8918-486F-8895-9F44FD313E5C}.Debug|Any CPU.Build.0 = Debug|Any CPU
		{B3C4BB96-8918-486F-8895-9F44FD313E5C}.Release|Any CPU.ActiveCfg = Release|Any CPU
		{B3C4BB96-8918-486F-8895-9F44FD313E5C}.Release|Any CPU.Build.0 = Release|Any CPU
		{B3C4BB96-8918-486F-8895-9F44FD313E5C}.VA|Any CPU.ActiveCfg = VA|Any CPU
		{B3C4BB96-8918-486F-8895-9F44FD313E5C}.VA|Any CPU.Build.0 = VA|Any CPU
		{C36D0720-3F05-445F-A9AB-F55EEA87729E}.Debug|Any CPU.ActiveCfg = Debug|Any CPU
		{C36D0720-3F05-445F-A9AB-F55EEA87729E}.Debug|Any CPU.Build.0 = Debug|Any CPU
		{C36D0720-3F05-445F-A9AB-F55EEA87729E}.Release|Any CPU.ActiveCfg = Release|Any CPU
		{C36D0720-3F05-445F-A9AB-F55EEA87729E}.Release|Any CPU.Build.0 = Release|Any CPU
		{C36D0720-3F05-445F-A9AB-F55EEA87729E}.VA|Any CPU.ActiveCfg = VA|Any CPU
		{C36D0720-3F05-445F-A9AB-F55EEA87729E}.VA|Any CPU.Build.0 = VA|Any CPU
		{CD2E3CBD-5051-4A25-9D4C-05A8EC07CFE6}.Debug|Any CPU.ActiveCfg = Debug|Any CPU
		{CD2E3CBD-5051-4A25-9D4C-05A8EC07CFE6}.Debug|Any CPU.Build.0 = Debug|Any CPU
		{CD2E3CBD-5051-4A25-9D4C-05A8EC07CFE6}.Release|Any CPU.ActiveCfg = Release|Any CPU
		{CD2E3CBD-5051-4A25-9D4C-05A8EC07CFE6}.Release|Any CPU.Build.0 = Release|Any CPU
		{CD2E3CBD-5051-4A25-9D4C-05A8EC07CFE6}.VA|Any CPU.ActiveCfg = VA|Any CPU
		{CD2E3CBD-5051-4A25-9D4C-05A8EC07CFE6}.VA|Any CPU.Build.0 = VA|Any CPU
		{E8D968F4-0F80-486B-A62B-1EC79160B9A5}.Debug|Any CPU.ActiveCfg = Debug|Any CPU
		{E8D968F4-0F80-486B-A62B-1EC79160B9A5}.Debug|Any CPU.Build.0 = Debug|Any CPU
		{E8D968F4-0F80-486B-A62B-1EC79160B9A5}.Release|Any CPU.ActiveCfg = Release|Any CPU
		{E8D968F4-0F80-486B-A62B-1EC79160B9A5}.Release|Any CPU.Build.0 = Release|Any CPU
		{E8D968F4-0F80-486B-A62B-1EC79160B9A5}.VA|Any CPU.ActiveCfg = VA|Any CPU
		{E8D968F4-0F80-486B-A62B-1EC79160B9A5}.VA|Any CPU.Build.0 = VA|Any CPU
		{2B4A6FE4-170C-410B-9D3A-DBE817BF0149}.Debug|Any CPU.ActiveCfg = Debug|Any CPU
		{2B4A6FE4-170C-410B-9D3A-DBE817BF0149}.Debug|Any CPU.Build.0 = Debug|Any CPU
		{2B4A6FE4-170C-410B-9D3A-DBE817BF0149}.Release|Any CPU.ActiveCfg = Release|Any CPU
		{2B4A6FE4-170C-410B-9D3A-DBE817BF0149}.Release|Any CPU.Build.0 = Release|Any CPU
		{2B4A6FE4-170C-410B-9D3A-DBE817BF0149}.VA|Any CPU.ActiveCfg = VA|Any CPU
		{2B4A6FE4-170C-410B-9D3A-DBE817BF0149}.VA|Any CPU.Build.0 = VA|Any CPU
		{8AD4A01B-F99B-4A4E-BF35-8297CD469B59}.Debug|Any CPU.ActiveCfg = Debug|Any CPU
		{8AD4A01B-F99B-4A4E-BF35-8297CD469B59}.Debug|Any CPU.Build.0 = Debug|Any CPU
		{8AD4A01B-F99B-4A4E-BF35-8297CD469B59}.Release|Any CPU.ActiveCfg = Release|Any CPU
		{8AD4A01B-F99B-4A4E-BF35-8297CD469B59}.Release|Any CPU.Build.0 = Release|Any CPU
		{8AD4A01B-F99B-4A4E-BF35-8297CD469B59}.VA|Any CPU.ActiveCfg = VA|Any CPU
		{8AD4A01B-F99B-4A4E-BF35-8297CD469B59}.VA|Any CPU.Build.0 = VA|Any CPU
		{AF82F7FB-BB5E-4AB0-87F5-7DB0C0B4DBE2}.Debug|Any CPU.ActiveCfg = Debug|Any CPU
		{AF82F7FB-BB5E-4AB0-87F5-7DB0C0B4DBE2}.Debug|Any CPU.Build.0 = Debug|Any CPU
		{AF82F7FB-BB5E-4AB0-87F5-7DB0C0B4DBE2}.Release|Any CPU.ActiveCfg = Release|Any CPU
		{AF82F7FB-BB5E-4AB0-87F5-7DB0C0B4DBE2}.Release|Any CPU.Build.0 = Release|Any CPU
		{AF82F7FB-BB5E-4AB0-87F5-7DB0C0B4DBE2}.VA|Any CPU.ActiveCfg = VA|Any CPU
		{AF82F7FB-BB5E-4AB0-87F5-7DB0C0B4DBE2}.VA|Any CPU.Build.0 = VA|Any CPU
	EndGlobalSection
	GlobalSection(SolutionProperties) = preSolution
		HideSolutionNode = FALSE
	EndGlobalSection
	GlobalSection(NestedProjects) = preSolution
		{B3C4BB96-8918-486F-8895-9F44FD313E5C} = {F500F62C-D214-495C-9075-5BFDD253C9B2}
		{C36D0720-3F05-445F-A9AB-F55EEA87729E} = {E31F7307-F627-4FF0-8BBA-F59DF665711C}
		{CD2E3CBD-5051-4A25-9D4C-05A8EC07CFE6} = {B73048B4-7715-4BBB-A4BA-042D84C93877}
		{E8D968F4-0F80-486B-A62B-1EC79160B9A5} = {B73048B4-7715-4BBB-A4BA-042D84C93877}
		{2B4A6FE4-170C-410B-9D3A-DBE817BF0149} = {B73048B4-7715-4BBB-A4BA-042D84C93877}
		{8AD4A01B-F99B-4A4E-BF35-8297CD469B59} = {E31F7307-F627-4FF0-8BBA-F59DF665711C}
		{AF82F7FB-BB5E-4AB0-87F5-7DB0C0B4DBE2} = {E31F7307-F627-4FF0-8BBA-F59DF665711C}
	EndGlobalSection
EndGlobal
